
Microsoft Visual Studio Solution File, Format Version 12.00
# Visual Studio Version 17
VisualStudioVersion = 17.7.34202.233
MinimumVisualStudioVersion = 10.0.40219.1
Project("{9A19103F-16F7-4668-BE54-9A1E7A4F7556}") = "ATMovie", "ATMovie\ATMovie.csproj", "{1605AD8D-D920-4304-81C2-F9AECCEBA839}"
EndProject
Global
	GlobalSection(SolutionConfigurationPlatforms) = preSolution
		Debug|Any CPU = Debug|Any CPU
		Release|Any CPU = Release|Any CPU
	EndGlobalSection
	GlobalSection(ProjectConfigurationPlatforms) = postSolution
		{1605AD8D-D920-4304-81C2-F9AECCEBA839}.Debug|Any CPU.ActiveCfg = Debug|Any CPU
		{1605AD8D-D920-4304-81C2-F9AECCEBA839}.Debug|Any CPU.Build.0 = Debug|Any CPU
		{1605AD8D-D920-4304-81C2-F9AECCEBA839}.Release|Any CPU.ActiveCfg = Release|Any CPU
		{1605AD8D-D920-4304-81C2-F9AECCEBA839}.Release|Any CPU.Build.0 = Release|Any CPU
	EndGlobalSection
	GlobalSection(SolutionProperties) = preSolution
		HideSolutionNode = FALSE
	EndGlobalSection
	GlobalSection(ExtensibilityGlobals) = postSolution
		SolutionGuid = {881399B5-1E8D-4F84-A4F7-8D993E6E33E2}
	EndGlobalSection
EndGlobal
